# This file is automatically @generated by Cargo.
# It is not intended for manual editing.
version = 3

[[package]]
name = "commands"
version = "0.0.5"
source = "registry+https://github.com/rust-lang/crates.io-index"
checksum = "688226b9769bbf11a9d82a94fb4adda15793a6023d33a8ca7695dbafec6f4123"

[[package]]
name = "re-collections"
version = "0.1.0"
dependencies = [
 "commands",
 "unicode-segmentation",
]

[[package]]
name = "unicode-segmentation"
version = "1.8.0"
source = "registry+https://github.com/rust-lang/crates.io-index"
checksum = "8895849a949e7845e06bd6dc1aa51731a103c42707010a5b591c0038fb73385b"
